
Microsoft Visual Studio Solution File, Format Version 12.00
# Visual Studio 15
VisualStudioVersion = 15.0.28307.329
MinimumVisualStudioVersion = 10.0.40219.1
Project("{FAE04EC0-301F-11D3-BF4B-00C04F79EFBC}") = "JMESPathViewer", "JMESPathViewer\JMESPathViewer.csproj", "{A63B4CB0-A9A7-4F28-845D-95884B6CC6FB}"
EndProject
Global
	GlobalSection(SolutionConfigurationPlatforms) = preSolution
		Debug|Any CPU = Debug|Any CPU
		Release|Any CPU = Release|Any CPU
	EndGlobalSection
	GlobalSection(ProjectConfigurationPlatforms) = postSolution
		{A63B4CB0-A9A7-4F28-845D-95884B6CC6FB}.Debug|Any CPU.ActiveCfg = Debug|Any CPU
		{A63B4CB0-A9A7-4F28-845D-95884B6CC6FB}.Debug|Any CPU.Build.0 = Debug|Any CPU
		{A63B4CB0-A9A7-4F28-845D-95884B6CC6FB}.Release|Any CPU.ActiveCfg = Release|Any CPU
		{A63B4CB0-A9A7-4F28-845D-95884B6CC6FB}.Release|Any CPU.Build.0 = Release|Any CPU
	EndGlobalSection
	GlobalSection(SolutionProperties) = preSolution
		HideSolutionNode = FALSE
	EndGlobalSection
	GlobalSection(ExtensibilityGlobals) = postSolution
		SolutionGuid = {A0CA1893-5D18-4CDE-974F-2863413AF9FD}
	EndGlobalSection
EndGlobal
